
Microsoft Visual Studio Solution File, Format Version 12.00
# Visual Studio 2012
Project("{FAE04EC0-301F-11D3-BF4B-00C04F79EFBC}") = "OZ_IMAX.Data", "OZ_IMAX.Data\OZ_IMAX.Data.csproj", "{1EDADF6A-004C-4CF2-822F-431CC38F6E70}"
EndProject
Project("{FAE04EC0-301F-11D3-BF4B-00C04F79EFBC}") = "OZ_IMAX.Dal", "OZ_IMAX.Dal\OZ_IMAX.Dal.csproj", "{05CDE4CF-883F-434B-A267-F141621FE5F0}"
EndProject
Global
	GlobalSection(SolutionConfigurationPlatforms) = preSolution
		Debug|Any CPU = Debug|Any CPU
		Release|Any CPU = Release|Any CPU
	EndGlobalSection
	GlobalSection(ProjectConfigurationPlatforms) = postSolution
		{1EDADF6A-004C-4CF2-822F-431CC38F6E70}.Debug|Any CPU.ActiveCfg = Debug|Any CPU
		{1EDADF6A-004C-4CF2-822F-431CC38F6E70}.Debug|Any CPU.Build.0 = Debug|Any CPU
		{1EDADF6A-004C-4CF2-822F-431CC38F6E70}.Release|Any CPU.ActiveCfg = Release|Any CPU
		{1EDADF6A-004C-4CF2-822F-431CC38F6E70}.Release|Any CPU.Build.0 = Release|Any CPU
		{05CDE4CF-883F-434B-A267-F141621FE5F0}.Debug|Any CPU.ActiveCfg = Debug|Any CPU
		{05CDE4CF-883F-434B-A267-F141621FE5F0}.Debug|Any CPU.Build.0 = Debug|Any CPU
		{05CDE4CF-883F-434B-A267-F141621FE5F0}.Release|Any CPU.ActiveCfg = Release|Any CPU
		{05CDE4CF-883F-434B-A267-F141621FE5F0}.Release|Any CPU.Build.0 = Release|Any CPU
	EndGlobalSection
	GlobalSection(SolutionProperties) = preSolution
		HideSolutionNode = FALSE
	EndGlobalSection
EndGlobal
